{
  "nodes": {
    "blame-nvim": {
      "flake": false,
      "locked": {
        "lastModified": 1713856896,
        "narHash": "sha256-dj9eQ3Nr38T4BZgqIexWCMPN2vLFNFqfyfdZGM6BBC4=",
        "owner": "FabijanZulj",
        "repo": "blame.nvim",
        "rev": "dedbcdce857f708c63f261287ac7491a893912d0",
        "type": "github"
      },
      "original": {
        "owner": "FabijanZulj",
        "repo": "blame.nvim",
        "type": "github"
      }
    },
    "corn-nvim": {
      "flake": false,
      "locked": {
        "lastModified": 1716983677,
        "narHash": "sha256-fq65WSqLM4J+kRRvnKxGOgGNZhow1EFFIJaP6pHD0B0=",
        "owner": "RaafatTurki",
        "repo": "corn.nvim",
        "rev": "e0bba34aea144102115379c1c3f97d2630e83abb",
        "type": "github"
      },
      "original": {
        "owner": "RaafatTurki",
        "repo": "corn.nvim",
        "type": "github"
      }
    },
    "flake-parts": {
      "inputs": {
        "nixpkgs-lib": "nixpkgs-lib"
      },
      "locked": {
        "lastModified": 1717285511,
        "narHash": "sha256-iKzJcpdXih14qYVcZ9QC9XuZYnPc6T8YImb6dX166kw=",
        "owner": "hercules-ci",
        "repo": "flake-parts",
        "rev": "2a55567fcf15b1b1c7ed712a2c6fadaec7412ea8",
        "type": "github"
      },
      "original": {
        "owner": "hercules-ci",
        "repo": "flake-parts",
        "type": "github"
      }
    },
    "flake-utils": {
      "inputs": {
        "systems": "systems"
      },
      "locked": {
        "lastModified": 1710146030,
        "narHash": "sha256-SZ5L6eA7HJ/nmkzGG7/ISclqe6oZdOZTNoesiInkXPQ=",
        "owner": "numtide",
        "repo": "flake-utils",
        "rev": "b1d9ab70662946ef0850d488da1c9019f3a9752a",
        "type": "github"
      },
      "original": {
        "owner": "numtide",
        "repo": "flake-utils",
        "type": "github"
      }
    },
    "fugit2": {
      "flake": false,
      "locked": {
        "lastModified": 1719570811,
        "narHash": "sha256-gQb+dmCSbiWoTPi+sHif2Dx0xI7JqOeui+tfghEhle8=",
        "owner": "SuperBo",
        "repo": "fugit2.nvim",
        "rev": "70662d529fe98790d7b2104b4dd67dd229332194",
        "type": "github"
      },
      "original": {
        "owner": "SuperBo",
        "repo": "fugit2.nvim",
        "type": "github"
      }
    },
    "gen-luarc": {
      "inputs": {
        "flake-parts": "flake-parts",
        "nixpkgs": "nixpkgs"
      },
      "locked": {
        "lastModified": 1718922730,
        "narHash": "sha256-ykhhOPqA9NzdNBr3ii+3h2DkK2+wasNqQLfMF6BXxTE=",
        "owner": "mrcjkb",
        "repo": "nix-gen-luarc-json",
        "rev": "021e8078e43884c6cdc70ca753d9a0b146cd55a4",
        "type": "github"
      },
      "original": {
        "owner": "mrcjkb",
        "repo": "nix-gen-luarc-json",
        "type": "github"
      }
    },
    "grug-far": {
      "flake": false,
      "locked": {
        "lastModified": 1719942589,
        "narHash": "sha256-VbGzXaIXN28NCQ9pzX52Fi58gJMtFiC0qD7A0W4eU5M=",
        "owner": "MagicDuck",
        "repo": "grug-far.nvim",
        "rev": "49727008123a819d61a016fef1fd3c095449d9f6",
        "type": "github"
      },
      "original": {
        "owner": "MagicDuck",
        "repo": "grug-far.nvim",
        "type": "github"
      }
    },
    "lazydev": {
      "flake": false,
      "locked": {
        "lastModified": 1719383167,
        "narHash": "sha256-PjHg7mCywxspkTEx6VpSvl1wfP9NmgqnuOBj8DnADRM=",
        "owner": "folke",
        "repo": "lazydev.nvim",
        "rev": "78d8a11fbd02ad4eafa07dd8a43a959a69fb3bf8",
        "type": "github"
      },
      "original": {
        "owner": "folke",
        "repo": "lazydev.nvim",
        "type": "github"
      }
    },
    "melange": {
      "flake": false,
      "locked": {
        "lastModified": 1719619215,
        "narHash": "sha256-+U+G8xHvon3e2UpOcary03HOa244K7lVCYAAgMCYqqc=",
        "owner": "savq",
        "repo": "melange-nvim",
        "rev": "f626d41b9110e6ab853538d8b939979a0f1adfeb",
        "type": "github"
      },
      "original": {
        "owner": "savq",
        "repo": "melange-nvim",
        "type": "github"
      }
    },
    "neotest-vitest": {
      "flake": false,
      "locked": {
        "lastModified": 1719094310,
        "narHash": "sha256-4DcvHPMO+stsnG+BTp+IUTHGi38kKbxeoJ8IdpGJZes=",
        "owner": "marilari88",
        "repo": "neotest-vitest",
        "rev": "353364aa05b94b09409cbef21b79c97c5564e2ce",
        "type": "github"
      },
      "original": {
        "owner": "marilari88",
        "repo": "neotest-vitest",
        "type": "github"
      }
    },
    "nixpkgs": {
      "locked": {
        "lastModified": 1718714799,
        "narHash": "sha256-FUZpz9rg3gL8NVPKbqU8ei1VkPLsTIfAJ2fdAf5qjak=",
        "owner": "nixos",
        "repo": "nixpkgs",
        "rev": "c00d587b1a1afbf200b1d8f0b0e4ba9deb1c7f0e",
        "type": "github"
      },
      "original": {
        "owner": "nixos",
        "ref": "nixos-unstable",
        "repo": "nixpkgs",
        "type": "github"
      }
    },
    "nixpkgs-lib": {
      "locked": {
        "lastModified": 1717284937,
        "narHash": "sha256-lIbdfCsf8LMFloheeE6N31+BMIeixqyQWbSr2vk79EQ=",
        "type": "tarball",
        "url": "https://github.com/NixOS/nixpkgs/archive/eb9ceca17df2ea50a250b6b27f7bf6ab0186f198.tar.gz"
      },
      "original": {
        "type": "tarball",
        "url": "https://github.com/NixOS/nixpkgs/archive/eb9ceca17df2ea50a250b6b27f7bf6ab0186f198.tar.gz"
      }
    },
    "nixpkgs-stable": {
      "locked": {
        "lastModified": 1719837636,
        "narHash": "sha256-sTya/Vhqtdi7Kxx/eVldJRGTPKcyGgFG3ZugOqcbmiE=",
        "owner": "NixOS",
        "repo": "nixpkgs",
        "rev": "28f8f3531ebdbea069995c20bd946a295699f275",
        "type": "github"
      },
      "original": {
        "owner": "NixOS",
        "ref": "nixos-23.11",
        "repo": "nixpkgs",
        "type": "github"
      }
    },
    "nixpkgs_2": {
      "locked": {
        "lastModified": 1719848872,
        "narHash": "sha256-H3+EC5cYuq+gQW8y0lSrrDZfH71LB4DAf+TDFyvwCNA=",
        "owner": "NixOS",
        "repo": "nixpkgs",
        "rev": "00d80d13810dbfea8ab4ed1009b09100cca86ba8",
        "type": "github"
      },
      "original": {
        "owner": "NixOS",
        "ref": "nixos-unstable",
        "repo": "nixpkgs",
        "type": "github"
      }
    },
    "root": {
      "inputs": {
        "blame-nvim": "blame-nvim",
        "corn-nvim": "corn-nvim",
        "flake-utils": "flake-utils",
        "fugit2": "fugit2",
        "gen-luarc": "gen-luarc",
        "grug-far": "grug-far",
        "lazydev": "lazydev",
        "melange": "melange",
        "neotest-vitest": "neotest-vitest",
        "nixpkgs": "nixpkgs_2",
        "nixpkgs-stable": "nixpkgs-stable",
        "ts-comments-nvim": "ts-comments-nvim",
        "ts-error-translator": "ts-error-translator",
        "tsc-nvim": "tsc-nvim",
        "url-open": "url-open",
        "workspace-diagnostics": "workspace-diagnostics"
      }
    },
    "systems": {
      "locked": {
        "lastModified": 1681028828,
        "narHash": "sha256-Vy1rq5AaRuLzOxct8nz4T6wlgyUR7zLU309k9mBC768=",
        "owner": "nix-systems",
        "repo": "default",
        "rev": "da67096a3b9bf56a91d16901293e51ba5b49a27e",
        "type": "github"
      },
      "original": {
        "owner": "nix-systems",
        "repo": "default",
        "type": "github"
      }
    },
    "ts-comments-nvim": {
      "flake": false,
      "locked": {
        "lastModified": 1718004784,
        "narHash": "sha256-0QfERW3RFp/v5/isgHVRWT8lYm6uYh8PUZ3qC0F7NPA=",
        "owner": "folke",
        "repo": "ts-comments.nvim",
        "rev": "c075b4ee00f6e111b44bf99a8cfd5a4cfce9258a",
        "type": "github"
      },
      "original": {
        "owner": "folke",
        "repo": "ts-comments.nvim",
        "type": "github"
      }
    },
    "ts-error-translator": {
      "flake": false,
      "locked": {
        "lastModified": 1712269172,
        "narHash": "sha256-NJ0qfKvkwZ/0GolAeATlQLyQ7nGN6Z6q3uRqI+73wPk=",
        "owner": "dmmulroy",
        "repo": "ts-error-translator.nvim",
        "rev": "11ae55b28bde02663b5f983f59b0e3fd9c4e845b",
        "type": "github"
      },
      "original": {
        "owner": "dmmulroy",
        "repo": "ts-error-translator.nvim",
        "type": "github"
      }
    },
    "tsc-nvim": {
      "flake": false,
      "locked": {
        "lastModified": 1715697456,
        "narHash": "sha256-7TO4HoyyQErJwqB5F5MmuxegN7AyikHtPaxUnqDLDgM=",
        "owner": "dmmulroy",
        "repo": "tsc.nvim",
        "rev": "06734767eee606ebaa0a4645e0fd801c64e6aa7a",
        "type": "github"
      },
      "original": {
        "owner": "dmmulroy",
        "repo": "tsc.nvim",
        "type": "github"
      }
    },
    "url-open": {
      "flake": false,
      "locked": {
        "lastModified": 1706930801,
        "narHash": "sha256-SucKjIWDtLwZSvwncq1+s3S/tbLnKlL6UhT9PTGFVzE=",
        "owner": "sontungexpt",
        "repo": "url-open",
        "rev": "9f8f4a56ac709f26aa17d8ef921b272bf2262a30",
        "type": "github"
      },
      "original": {
        "owner": "sontungexpt",
        "repo": "url-open",
        "type": "github"
      }
    },
    "workspace-diagnostics": {
      "flake": false,
      "locked": {
        "lastModified": 1718398825,
        "narHash": "sha256-d3gkcrprxIUU83ziaJJLSYixMbhkv5htzOLRn58otDo=",
        "owner": "artemave",
        "repo": "workspace-diagnostics.nvim",
        "rev": "2c911e785f953241704918dcd0dbada8c852d716",
        "type": "github"
      },
      "original": {
        "owner": "artemave",
        "repo": "workspace-diagnostics.nvim",
        "type": "github"
      }
    }
  },
  "root": "root",
  "version": 7
}
